
Microsoft Visual Studio Solution File, Format Version 12.00
# Visual Studio Version 16
VisualStudioVersion = 16.0.31729.503
MinimumVisualStudioVersion = 10.0.40219.1
Project("{9A19103F-16F7-4668-BE54-9A1E7A4F7556}") = "Classses", "Classses\Classses.csproj", "{72275139-78F9-42AA-BFCC-DE24A00E052D}"
EndProject
Project("{9A19103F-16F7-4668-BE54-9A1E7A4F7556}") = "ClasssesOrnek", "ClasssesOrnek\ClasssesOrnek.csproj", "{4F72C2EA-30D8-4412-A353-591FDCEA2C0E}"
EndProject
Project("{9A19103F-16F7-4668-BE54-9A1E7A4F7556}") = "Property", "Property\Property.csproj", "{66CF93F9-5CEE-48FF-98AA-6F09B5002760}"
EndProject
Project("{9A19103F-16F7-4668-BE54-9A1E7A4F7556}") = "ClasssesTekrar", "ClasssesTekrar\ClasssesTekrar.csproj", "{F369BBC8-7DCE-482F-A66E-727F116BBD64}"
EndProject
Project("{9A19103F-16F7-4668-BE54-9A1E7A4F7556}") = "PropertyTekrar", "PropertyTekrar\PropertyTekrar.csproj", "{77115FA4-3D69-43E6-8A2A-0281B7549C87}"
EndProject
Project("{9A19103F-16F7-4668-BE54-9A1E7A4F7556}") = "PropertyTekrar2", "PropertyTekrar2\PropertyTekrar2.csproj", "{DA9F32D2-CAED-4753-B580-F02A3B3272C9}"
EndProject
Project("{9A19103F-16F7-4668-BE54-9A1E7A4F7556}") = "Constructors", "Constructors\Constructors.csproj", "{13E9646C-C72F-4C45-8AB1-D93C827C0103}"
EndProject
Project("{9A19103F-16F7-4668-BE54-9A1E7A4F7556}") = "ConstructorsOrnek", "ConstructorsOrnek\ConstructorsOrnek.csproj", "{43539F9B-36F9-4F30-B725-0EDFAFBE8579}"
EndProject
Project("{9A19103F-16F7-4668-BE54-9A1E7A4F7556}") = "Inheritances", "Inheritances\Inheritances.csproj", "{9EA4D748-1F4B-4EBE-9979-76C206E96C04}"
EndProject
Project("{9A19103F-16F7-4668-BE54-9A1E7A4F7556}") = "Inheritance2", "Inheritance2\Inheritance2.csproj", "{C627FB1B-7222-4166-BC55-E3D34951D579}"
EndProject
Project("{9A19103F-16F7-4668-BE54-9A1E7A4F7556}") = "Inheritance3", "Inheritance3\Inheritance3.csproj", "{C43B7D1B-3AA6-49B0-91AA-9F28B4F479EE}"
EndProject
Project("{9A19103F-16F7-4668-BE54-9A1E7A4F7556}") = "AbstractClassess", "AbstractClassess\AbstractClassess.csproj", "{EE80B29B-D8EC-4AEA-912E-CBAABA4277E4}"
EndProject
Project("{9A19103F-16F7-4668-BE54-9A1E7A4F7556}") = "Poliymorphism", "Poliymorphism\Poliymorphism.csproj", "{E2581071-FB2B-40E6-96C8-BF03D7295713}"
EndProject
Project("{9A19103F-16F7-4668-BE54-9A1E7A4F7556}") = "Poliymorphism2", "Poliymorphism2\Poliymorphism2.csproj", "{3BD86671-411F-4198-B4AD-D06B936C0FC8}"
EndProject
Project("{9A19103F-16F7-4668-BE54-9A1E7A4F7556}") = "Interfaces1", "Interfaces1\Interfaces1.csproj", "{2C1CF2B7-F678-4C5C-97DB-62051F619EA1}"
EndProject
Project("{FAE04EC0-301F-11D3-BF4B-00C04F79EFBC}") = "Interfaces2", "Interface3\Interfaces2.csproj", "{DD429741-B9CE-4454-A94C-8383C7CC1A15}"
EndProject
Project("{FAE04EC0-301F-11D3-BF4B-00C04F79EFBC}") = "Interfaces3", "Interfaces3\Interfaces3.csproj", "{8631B1E8-D611-4C5A-A660-06BD69E92975}"
EndProject
Global
	GlobalSection(SolutionConfigurationPlatforms) = preSolution
		Debug|Any CPU = Debug|Any CPU
		Release|Any CPU = Release|Any CPU
	EndGlobalSection
	GlobalSection(ProjectConfigurationPlatforms) = postSolution
		{72275139-78F9-42AA-BFCC-DE24A00E052D}.Debug|Any CPU.ActiveCfg = Debug|Any CPU
		{72275139-78F9-42AA-BFCC-DE24A00E052D}.Debug|Any CPU.Build.0 = Debug|Any CPU
		{72275139-78F9-42AA-BFCC-DE24A00E052D}.Release|Any CPU.ActiveCfg = Release|Any CPU
		{72275139-78F9-42AA-BFCC-DE24A00E052D}.Release|Any CPU.Build.0 = Release|Any CPU
		{4F72C2EA-30D8-4412-A353-591FDCEA2C0E}.Debug|Any CPU.ActiveCfg = Debug|Any CPU
		{4F72C2EA-30D8-4412-A353-591FDCEA2C0E}.Debug|Any CPU.Build.0 = Debug|Any CPU
		{4F72C2EA-30D8-4412-A353-591FDCEA2C0E}.Release|Any CPU.ActiveCfg = Release|Any CPU
		{4F72C2EA-30D8-4412-A353-591FDCEA2C0E}.Release|Any CPU.Build.0 = Release|Any CPU
		{66CF93F9-5CEE-48FF-98AA-6F09B5002760}.Debug|Any CPU.ActiveCfg = Debug|Any CPU
		{66CF93F9-5CEE-48FF-98AA-6F09B5002760}.Debug|Any CPU.Build.0 = Debug|Any CPU
		{66CF93F9-5CEE-48FF-98AA-6F09B5002760}.Release|Any CPU.ActiveCfg = Release|Any CPU
		{66CF93F9-5CEE-48FF-98AA-6F09B5002760}.Release|Any CPU.Build.0 = Release|Any CPU
		{F369BBC8-7DCE-482F-A66E-727F116BBD64}.Debug|Any CPU.ActiveCfg = Debug|Any CPU
		{F369BBC8-7DCE-482F-A66E-727F116BBD64}.Debug|Any CPU.Build.0 = Debug|Any CPU
		{F369BBC8-7DCE-482F-A66E-727F116BBD64}.Release|Any CPU.ActiveCfg = Release|Any CPU
		{F369BBC8-7DCE-482F-A66E-727F116BBD64}.Release|Any CPU.Build.0 = Release|Any CPU
		{77115FA4-3D69-43E6-8A2A-0281B7549C87}.Debug|Any CPU.ActiveCfg = Debug|Any CPU
		{77115FA4-3D69-43E6-8A2A-0281B7549C87}.Debug|Any CPU.Build.0 = Debug|Any CPU
		{77115FA4-3D69-43E6-8A2A-0281B7549C87}.Release|Any CPU.ActiveCfg = Release|Any CPU
		{77115FA4-3D69-43E6-8A2A-0281B7549C87}.Release|Any CPU.Build.0 = Release|Any CPU
		{DA9F32D2-CAED-4753-B580-F02A3B3272C9}.Debug|Any CPU.ActiveCfg = Debug|Any CPU
		{DA9F32D2-CAED-4753-B580-F02A3B3272C9}.Debug|Any CPU.Build.0 = Debug|Any CPU
		{DA9F32D2-CAED-4753-B580-F02A3B3272C9}.Release|Any CPU.ActiveCfg = Release|Any CPU
		{DA9F32D2-CAED-4753-B580-F02A3B3272C9}.Release|Any CPU.Build.0 = Release|Any CPU
		{13E9646C-C72F-4C45-8AB1-D93C827C0103}.Debug|Any CPU.ActiveCfg = Debug|Any CPU
		{13E9646C-C72F-4C45-8AB1-D93C827C0103}.Debug|Any CPU.Build.0 = Debug|Any CPU
		{13E9646C-C72F-4C45-8AB1-D93C827C0103}.Release|Any CPU.ActiveCfg = Release|Any CPU
		{13E9646C-C72F-4C45-8AB1-D93C827C0103}.Release|Any CPU.Build.0 = Release|Any CPU
		{43539F9B-36F9-4F30-B725-0EDFAFBE8579}.Debug|Any CPU.ActiveCfg = Debug|Any CPU
		{43539F9B-36F9-4F30-B725-0EDFAFBE8579}.Debug|Any CPU.Build.0 = Debug|Any CPU
		{43539F9B-36F9-4F30-B725-0EDFAFBE8579}.Release|Any CPU.ActiveCfg = Release|Any CPU
		{43539F9B-36F9-4F30-B725-0EDFAFBE8579}.Release|Any CPU.Build.0 = Release|Any CPU
		{9EA4D748-1F4B-4EBE-9979-76C206E96C04}.Debug|Any CPU.ActiveCfg = Debug|Any CPU
		{9EA4D748-1F4B-4EBE-9979-76C206E96C04}.Debug|Any CPU.Build.0 = Debug|Any CPU
		{9EA4D748-1F4B-4EBE-9979-76C206E96C04}.Release|Any CPU.ActiveCfg = Release|Any CPU
		{9EA4D748-1F4B-4EBE-9979-76C206E96C04}.Release|Any CPU.Build.0 = Release|Any CPU
		{C627FB1B-7222-4166-BC55-E3D34951D579}.Debug|Any CPU.ActiveCfg = Debug|Any CPU
		{C627FB1B-7222-4166-BC55-E3D34951D579}.Debug|Any CPU.Build.0 = Debug|Any CPU
		{C627FB1B-7222-4166-BC55-E3D34951D579}.Release|Any CPU.ActiveCfg = Release|Any CPU
		{C627FB1B-7222-4166-BC55-E3D34951D579}.Release|Any CPU.Build.0 = Release|Any CPU
		{C43B7D1B-3AA6-49B0-91AA-9F28B4F479EE}.Debug|Any CPU.ActiveCfg = Debug|Any CPU
		{C43B7D1B-3AA6-49B0-91AA-9F28B4F479EE}.Debug|Any CPU.Build.0 = Debug|Any CPU
		{C43B7D1B-3AA6-49B0-91AA-9F28B4F479EE}.Release|Any CPU.ActiveCfg = Release|Any CPU
		{C43B7D1B-3AA6-49B0-91AA-9F28B4F479EE}.Release|Any CPU.Build.0 = Release|Any CPU
		{EE80B29B-D8EC-4AEA-912E-CBAABA4277E4}.Debug|Any CPU.ActiveCfg = Debug|Any CPU
		{EE80B29B-D8EC-4AEA-912E-CBAABA4277E4}.Debug|Any CPU.Build.0 = Debug|Any CPU
		{EE80B29B-D8EC-4AEA-912E-CBAABA4277E4}.Release|Any CPU.ActiveCfg = Release|Any CPU
		{EE80B29B-D8EC-4AEA-912E-CBAABA4277E4}.Release|Any CPU.Build.0 = Release|Any CPU
		{E2581071-FB2B-40E6-96C8-BF03D7295713}.Debug|Any CPU.ActiveCfg = Debug|Any CPU
		{E2581071-FB2B-40E6-96C8-BF03D7295713}.Debug|Any CPU.Build.0 = Debug|Any CPU
		{E2581071-FB2B-40E6-96C8-BF03D7295713}.Release|Any CPU.ActiveCfg = Release|Any CPU
		{E2581071-FB2B-40E6-96C8-BF03D7295713}.Release|Any CPU.Build.0 = Release|Any CPU
		{3BD86671-411F-4198-B4AD-D06B936C0FC8}.Debug|Any CPU.ActiveCfg = Debug|Any CPU
		{3BD86671-411F-4198-B4AD-D06B936C0FC8}.Debug|Any CPU.Build.0 = Debug|Any CPU
		{3BD86671-411F-4198-B4AD-D06B936C0FC8}.Release|Any CPU.ActiveCfg = Release|Any CPU
		{3BD86671-411F-4198-B4AD-D06B936C0FC8}.Release|Any CPU.Build.0 = Release|Any CPU
		{2C1CF2B7-F678-4C5C-97DB-62051F619EA1}.Debug|Any CPU.ActiveCfg = Debug|Any CPU
		{2C1CF2B7-F678-4C5C-97DB-62051F619EA1}.Debug|Any CPU.Build.0 = Debug|Any CPU
		{2C1CF2B7-F678-4C5C-97DB-62051F619EA1}.Release|Any CPU.ActiveCfg = Release|Any CPU
		{2C1CF2B7-F678-4C5C-97DB-62051F619EA1}.Release|Any CPU.Build.0 = Release|Any CPU
		{DD429741-B9CE-4454-A94C-8383C7CC1A15}.Debug|Any CPU.ActiveCfg = Debug|Any CPU
		{DD429741-B9CE-4454-A94C-8383C7CC1A15}.Debug|Any CPU.Build.0 = Debug|Any CPU
		{DD429741-B9CE-4454-A94C-8383C7CC1A15}.Release|Any CPU.ActiveCfg = Release|Any CPU
		{DD429741-B9CE-4454-A94C-8383C7CC1A15}.Release|Any CPU.Build.0 = Release|Any CPU
		{8631B1E8-D611-4C5A-A660-06BD69E92975}.Debug|Any CPU.ActiveCfg = Debug|Any CPU
		{8631B1E8-D611-4C5A-A660-06BD69E92975}.Debug|Any CPU.Build.0 = Debug|Any CPU
		{8631B1E8-D611-4C5A-A660-06BD69E92975}.Release|Any CPU.ActiveCfg = Release|Any CPU
		{8631B1E8-D611-4C5A-A660-06BD69E92975}.Release|Any CPU.Build.0 = Release|Any CPU
	EndGlobalSection
	GlobalSection(SolutionProperties) = preSolution
		HideSolutionNode = FALSE
	EndGlobalSection
	GlobalSection(ExtensibilityGlobals) = postSolution
		SolutionGuid = {ACEC0333-0408-4B88-BFD5-C76D606BEDB4}
	EndGlobalSection
EndGlobal
